
Microsoft Visual Studio Solution File, Format Version 12.00
# Visual Studio Version 16
VisualStudioVersion = 16.0.31313.79
MinimumVisualStudioVersion = 10.0.40219.1
Project("{8BC9CEB8-8B4A-11D0-8D11-00A0C91BC942}") = "Interaction", "Interaction.vcxproj", "{20332F76-5637-46B3-9EE4-456E07E43D7D}"
EndProject
Global
	GlobalSection(SolutionConfigurationPlatforms) = preSolution
		Debug|x64 = Debug|x64
		Debug|x86 = Debug|x86
		Release|x64 = Release|x64
		Release|x86 = Release|x86
	EndGlobalSection
	GlobalSection(ProjectConfigurationPlatforms) = postSolution
		{20332F76-5637-46B3-9EE4-456E07E43D7D}.Debug|x64.ActiveCfg = Debug|x64
		{20332F76-5637-46B3-9EE4-456E07E43D7D}.Debug|x64.Build.0 = Debug|x64
		{20332F76-5637-46B3-9EE4-456E07E43D7D}.Debug|x86.ActiveCfg = Debug|Win32
		{20332F76-5637-46B3-9EE4-456E07E43D7D}.Debug|x86.Build.0 = Debug|Win32
		{20332F76-5637-46B3-9EE4-456E07E43D7D}.Release|x64.ActiveCfg = Release|x64
		{20332F76-5637-46B3-9EE4-456E07E43D7D}.Release|x64.Build.0 = Release|x64
		{20332F76-5637-46B3-9EE4-456E07E43D7D}.Release|x86.ActiveCfg = Release|Win32
		{20332F76-5637-46B3-9EE4-456E07E43D7D}.Release|x86.Build.0 = Release|Win32
	EndGlobalSection
	GlobalSection(SolutionProperties) = preSolution
		HideSolutionNode = FALSE
	EndGlobalSection
	GlobalSection(ExtensibilityGlobals) = postSolution
		SolutionGuid = {0BCDFDC9-AC73-45EF-B627-4BA6C5937614}
	EndGlobalSection
EndGlobal
